
Microsoft Visual Studio Solution File, Format Version 12.00
# Visual Studio Version 16
VisualStudioVersion = 16.0.30309.148
MinimumVisualStudioVersion = 10.0.40219.1
Project("{FAE04EC0-301F-11D3-BF4B-00C04F79EFBC}") = "Part 4", "Part 4\Part 4.csproj", "{709CF05A-A7FE-41CB-BF31-E4C226923870}"
EndProject
Global
	GlobalSection(SolutionConfigurationPlatforms) = preSolution
		Debug|Any CPU = Debug|Any CPU
		Release|Any CPU = Release|Any CPU
	EndGlobalSection
	GlobalSection(ProjectConfigurationPlatforms) = postSolution
		{709CF05A-A7FE-41CB-BF31-E4C226923870}.Debug|Any CPU.ActiveCfg = Debug|Any CPU
		{709CF05A-A7FE-41CB-BF31-E4C226923870}.Debug|Any CPU.Build.0 = Debug|Any CPU
		{709CF05A-A7FE-41CB-BF31-E4C226923870}.Release|Any CPU.ActiveCfg = Release|Any CPU
		{709CF05A-A7FE-41CB-BF31-E4C226923870}.Release|Any CPU.Build.0 = Release|Any CPU
	EndGlobalSection
	GlobalSection(SolutionProperties) = preSolution
		HideSolutionNode = FALSE
	EndGlobalSection
	GlobalSection(ExtensibilityGlobals) = postSolution
		SolutionGuid = {0BA2D9A4-B7A8-444C-BDED-6CBB6D2D2988}
	EndGlobalSection
EndGlobal
